
Microsoft Visual Studio Solution File, Format Version 12.00
# Visual Studio 15
VisualStudioVersion = 15.0.26124.0
MinimumVisualStudioVersion = 15.0.26124.0
Project("{FAE04EC0-301F-11D3-BF4B-00C04F79EFBC}") = "HomeKitAccessory", "HomeKitAccessory\HomeKitAccessory.csproj", "{79CCC3CE-6429-4C3B-B3E3-50D6C798E962}"
EndProject
Project("{FAE04EC0-301F-11D3-BF4B-00C04F79EFBC}") = "SRPAuth", "SRPAuth\SRPAuth.csproj", "{B0A8D9BD-176D-48FC-AE2A-2F3A2687C921}"
EndProject
Project("{FAE04EC0-301F-11D3-BF4B-00C04F79EFBC}") = "SRPAuth.Test", "SRPAuth.Test\SRPAuth.Test.csproj", "{46A16ECE-26D9-4B2F-AF15-A6920B3B0E9D}"
EndProject
Project("{FAE04EC0-301F-11D3-BF4B-00C04F79EFBC}") = "TestAccessory", "TestAccessory\TestAccessory.csproj", "{27CB2E23-2AFF-45C4-A239-9C1E6E3DED24}"
EndProject
Global
	GlobalSection(SolutionConfigurationPlatforms) = preSolution
		Debug|Any CPU = Debug|Any CPU
		Debug|x64 = Debug|x64
		Debug|x86 = Debug|x86
		Release|Any CPU = Release|Any CPU
		Release|x64 = Release|x64
		Release|x86 = Release|x86
	EndGlobalSection
	GlobalSection(SolutionProperties) = preSolution
		HideSolutionNode = FALSE
	EndGlobalSection
	GlobalSection(ProjectConfigurationPlatforms) = postSolution
		{79CCC3CE-6429-4C3B-B3E3-50D6C798E962}.Debug|Any CPU.ActiveCfg = Debug|Any CPU
		{79CCC3CE-6429-4C3B-B3E3-50D6C798E962}.Debug|Any CPU.Build.0 = Debug|Any CPU
		{79CCC3CE-6429-4C3B-B3E3-50D6C798E962}.Debug|x64.ActiveCfg = Debug|Any CPU
		{79CCC3CE-6429-4C3B-B3E3-50D6C798E962}.Debug|x64.Build.0 = Debug|Any CPU
		{79CCC3CE-6429-4C3B-B3E3-50D6C798E962}.Debug|x86.ActiveCfg = Debug|Any CPU
		{79CCC3CE-6429-4C3B-B3E3-50D6C798E962}.Debug|x86.Build.0 = Debug|Any CPU
		{79CCC3CE-6429-4C3B-B3E3-50D6C798E962}.Release|Any CPU.ActiveCfg = Release|Any CPU
		{79CCC3CE-6429-4C3B-B3E3-50D6C798E962}.Release|Any CPU.Build.0 = Release|Any CPU
		{79CCC3CE-6429-4C3B-B3E3-50D6C798E962}.Release|x64.ActiveCfg = Release|Any CPU
		{79CCC3CE-6429-4C3B-B3E3-50D6C798E962}.Release|x64.Build.0 = Release|Any CPU
		{79CCC3CE-6429-4C3B-B3E3-50D6C798E962}.Release|x86.ActiveCfg = Release|Any CPU
		{79CCC3CE-6429-4C3B-B3E3-50D6C798E962}.Release|x86.Build.0 = Release|Any CPU
		{B0A8D9BD-176D-48FC-AE2A-2F3A2687C921}.Debug|Any CPU.ActiveCfg = Debug|Any CPU
		{B0A8D9BD-176D-48FC-AE2A-2F3A2687C921}.Debug|Any CPU.Build.0 = Debug|Any CPU
		{B0A8D9BD-176D-48FC-AE2A-2F3A2687C921}.Debug|x64.ActiveCfg = Debug|Any CPU
		{B0A8D9BD-176D-48FC-AE2A-2F3A2687C921}.Debug|x64.Build.0 = Debug|Any CPU
		{B0A8D9BD-176D-48FC-AE2A-2F3A2687C921}.Debug|x86.ActiveCfg = Debug|Any CPU
		{B0A8D9BD-176D-48FC-AE2A-2F3A2687C921}.Debug|x86.Build.0 = Debug|Any CPU
		{B0A8D9BD-176D-48FC-AE2A-2F3A2687C921}.Release|Any CPU.ActiveCfg = Release|Any CPU
		{B0A8D9BD-176D-48FC-AE2A-2F3A2687C921}.Release|Any CPU.Build.0 = Release|Any CPU
		{B0A8D9BD-176D-48FC-AE2A-2F3A2687C921}.Release|x64.ActiveCfg = Release|Any CPU
		{B0A8D9BD-176D-48FC-AE2A-2F3A2687C921}.Release|x64.Build.0 = Release|Any CPU
		{B0A8D9BD-176D-48FC-AE2A-2F3A2687C921}.Release|x86.ActiveCfg = Release|Any CPU
		{B0A8D9BD-176D-48FC-AE2A-2F3A2687C921}.Release|x86.Build.0 = Release|Any CPU
		{46A16ECE-26D9-4B2F-AF15-A6920B3B0E9D}.Debug|Any CPU.ActiveCfg = Debug|Any CPU
		{46A16ECE-26D9-4B2F-AF15-A6920B3B0E9D}.Debug|Any CPU.Build.0 = Debug|Any CPU
		{46A16ECE-26D9-4B2F-AF15-A6920B3B0E9D}.Debug|x64.ActiveCfg = Debug|Any CPU
		{46A16ECE-26D9-4B2F-AF15-A6920B3B0E9D}.Debug|x64.Build.0 = Debug|Any CPU
		{46A16ECE-26D9-4B2F-AF15-A6920B3B0E9D}.Debug|x86.ActiveCfg = Debug|Any CPU
		{46A16ECE-26D9-4B2F-AF15-A6920B3B0E9D}.Debug|x86.Build.0 = Debug|Any CPU
		{46A16ECE-26D9-4B2F-AF15-A6920B3B0E9D}.Release|Any CPU.ActiveCfg = Release|Any CPU
		{46A16ECE-26D9-4B2F-AF15-A6920B3B0E9D}.Release|Any CPU.Build.0 = Release|Any CPU
		{46A16ECE-26D9-4B2F-AF15-A6920B3B0E9D}.Release|x64.ActiveCfg = Release|Any CPU
		{46A16ECE-26D9-4B2F-AF15-A6920B3B0E9D}.Release|x64.Build.0 = Release|Any CPU
		{46A16ECE-26D9-4B2F-AF15-A6920B3B0E9D}.Release|x86.ActiveCfg = Release|Any CPU
		{46A16ECE-26D9-4B2F-AF15-A6920B3B0E9D}.Release|x86.Build.0 = Release|Any CPU
		{27CB2E23-2AFF-45C4-A239-9C1E6E3DED24}.Debug|Any CPU.ActiveCfg = Debug|Any CPU
		{27CB2E23-2AFF-45C4-A239-9C1E6E3DED24}.Debug|Any CPU.Build.0 = Debug|Any CPU
		{27CB2E23-2AFF-45C4-A239-9C1E6E3DED24}.Debug|x64.ActiveCfg = Debug|Any CPU
		{27CB2E23-2AFF-45C4-A239-9C1E6E3DED24}.Debug|x64.Build.0 = Debug|Any CPU
		{27CB2E23-2AFF-45C4-A239-9C1E6E3DED24}.Debug|x86.ActiveCfg = Debug|Any CPU
		{27CB2E23-2AFF-45C4-A239-9C1E6E3DED24}.Debug|x86.Build.0 = Debug|Any CPU
		{27CB2E23-2AFF-45C4-A239-9C1E6E3DED24}.Release|Any CPU.ActiveCfg = Release|Any CPU
		{27CB2E23-2AFF-45C4-A239-9C1E6E3DED24}.Release|Any CPU.Build.0 = Release|Any CPU
		{27CB2E23-2AFF-45C4-A239-9C1E6E3DED24}.Release|x64.ActiveCfg = Release|Any CPU
		{27CB2E23-2AFF-45C4-A239-9C1E6E3DED24}.Release|x64.Build.0 = Release|Any CPU
		{27CB2E23-2AFF-45C4-A239-9C1E6E3DED24}.Release|x86.ActiveCfg = Release|Any CPU
		{27CB2E23-2AFF-45C4-A239-9C1E6E3DED24}.Release|x86.Build.0 = Release|Any CPU
	EndGlobalSection
EndGlobal
